// !$*UTF8*$!
{
	archiveVersion = 1;
	classes = {
	};
	objectVersion = 46;
	objects = {

/* Begin PBXBuildFile section */
		CD028CE9154FC361003A663A /* Icon-72.png in Resources */ = {isa = PBXBuildFile; fileRef = CD028CE2154FC361003A663A /* Icon-72.png */; };
		CD028CEA154FC361003A663A /* Icon-Small-50.png in Resources */ = {isa = PBXBuildFile; fileRef = CD028CE3154FC361003A663A /* Icon-Small-50.png */; };
		CD028CEB154FC361003A663A /* Icon-Small.png in Resources */ = {isa = PBXBuildFile; fileRef = CD028CE4154FC361003A663A /* Icon-Small.png */; };
		CD028CEC154FC361003A663A /* Icon-Small@2x.png in Resources */ = {isa = PBXBuildFile; fileRef = CD028CE5154FC361003A663A /* Icon-Small@2x.png */; };
		CD028CED154FC361003A663A /* Icon.png in Resources */ = {isa = PBXBuildFile; fileRef = CD028CE6154FC361003A663A /* Icon.png */; };
		CD028CEE154FC361003A663A /* Icon@2x.png in Resources */ = {isa = PBXBuildFile; fileRef = CD028CE7154FC361003A663A /* Icon@2x.png */; };
		CD028CEF154FC361003A663A /* iTunesArtwork in Resources */ = {isa = PBXBuildFile; fileRef = CD028CE8154FC361003A663A /* iTunesArtwork */; };
		CD159B35155643A8007ED636 /* NothingFoundCell.xib in Resources */ = {isa = PBXBuildFile; fileRef = CD159B37155643A8007ED636 /* NothingFoundCell.xib */; };
		CD159B43155645E1007ED636 /* SearchResultCell.xib in Resources */ = {isa = PBXBuildFile; fileRef = CD159B45155645E1007ED636 /* SearchResultCell.xib */; };
		CD159B46155645F3007ED636 /* LandscapeViewController.xib in Resources */ = {isa = PBXBuildFile; fileRef = CD159B48155645F3007ED636 /* LandscapeViewController.xib */; };
		CD159B49155645F7007ED636 /* LoadingCell.xib in Resources */ = {isa = PBXBuildFile; fileRef = CD159B4B155645F7007ED636 /* LoadingCell.xib */; };
		CD159B4D15564602007ED636 /* DetailViewController.xib in Resources */ = {isa = PBXBuildFile; fileRef = CD159B4F15564602007ED636 /* DetailViewController.xib */; };
		CD159B5315564CF9007ED636 /* Localizable.strings in Resources */ = {isa = PBXBuildFile; fileRef = CD159B5115564CF9007ED636 /* Localizable.strings */; };
		CD159B75155660AD007ED636 /* DetailViewController~ipad.xib in Resources */ = {isa = PBXBuildFile; fileRef = CD159B73155660AD007ED636 /* DetailViewController~ipad.xib */; };
		CD159B7D155663A7007ED636 /* MenuViewController.m in Sources */ = {isa = PBXBuildFile; fileRef = CD159B7C155663A7007ED636 /* MenuViewController.m */; };
		CD159B7F1556679B007ED636 /* MessageUI.framework in Frameworks */ = {isa = PBXBuildFile; fileRef = CD159B7E1556679B007ED636 /* MessageUI.framework */; };
		CD159B83155669BA007ED636 /* Default-Landscape~ipad.png in Resources */ = {isa = PBXBuildFile; fileRef = CD159B81155669BA007ED636 /* Default-Landscape~ipad.png */; };
		CD159B84155669BA007ED636 /* Default-Portrait~ipad.png in Resources */ = {isa = PBXBuildFile; fileRef = CD159B82155669BA007ED636 /* Default-Portrait~ipad.png */; };
		CD4C39C41556197300E91563 /* LandscapeViewController.m in Sources */ = {isa = PBXBuildFile; fileRef = CD4C39C21556197300E91563 /* LandscapeViewController.m */; };
		CDAC297B15560B1900EBCA9D /* QuartzCore.framework in Frameworks */ = {isa = PBXBuildFile; fileRef = CDAC297A15560B1900EBCA9D /* QuartzCore.framework */; };
		CDAD47B9154E6E35006C7DAC /* UIKit.framework in Frameworks */ = {isa = PBXBuildFile; fileRef = CDAD47B8154E6E35006C7DAC /* UIKit.framework */; };
		CDAD47BB154E6E35006C7DAC /* Foundation.framework in Frameworks */ = {isa = PBXBuildFile; fileRef = CDAD47BA154E6E35006C7DAC /* Foundation.framework */; };
		CDAD47BD154E6E35006C7DAC /* CoreGraphics.framework in Frameworks */ = {isa = PBXBuildFile; fileRef = CDAD47BC154E6E35006C7DAC /* CoreGraphics.framework */; };
		CDAD47C3154E6E35006C7DAC /* InfoPlist.strings in Resources */ = {isa = PBXBuildFile; fileRef = CDAD47C1154E6E35006C7DAC /* InfoPlist.strings */; };
		CDAD47C5154E6E35006C7DAC /* main.m in Sources */ = {isa = PBXBuildFile; fileRef = CDAD47C4154E6E35006C7DAC /* main.m */; };
		CDAD47C9154E6E35006C7DAC /* AppDelegate.m in Sources */ = {isa = PBXBuildFile; fileRef = CDAD47C8154E6E35006C7DAC /* AppDelegate.m */; };
		CDAD47CC154E6E35006C7DAC /* SearchViewController.m in Sources */ = {isa = PBXBuildFile; fileRef = CDAD47CB154E6E35006C7DAC /* SearchViewController.m */; };
		CDAD47CF154E6E35006C7DAC /* SearchViewController.xib in Resources */ = {isa = PBXBuildFile; fileRef = CDAD47CD154E6E35006C7DAC /* SearchViewController.xib */; };
		CDAD47DF154E77B0006C7DAC /* SearchResult.m in Sources */ = {isa = PBXBuildFile; fileRef = CDAD47DE154E77B0006C7DAC /* SearchResult.m */; };
		CDAD480F154E7B5D006C7DAC /* BarTexture.png in Resources */ = {isa = PBXBuildFile; fileRef = CDAD4800154E7B5D006C7DAC /* BarTexture.png */; };
		CDAD4810154E7B5D006C7DAC /* BarTexture@2x.png in Resources */ = {isa = PBXBuildFile; fileRef = CDAD4801154E7B5D006C7DAC /* BarTexture@2x.png */; };
		CDAD4811154E7B5D006C7DAC /* CloseButton.png in Resources */ = {isa = PBXBuildFile; fileRef = CDAD4802154E7B5D006C7DAC /* CloseButton.png */; };
		CDAD4812154E7B5D006C7DAC /* CloseButton@2x.png in Resources */ = {isa = PBXBuildFile; fileRef = CDAD4803154E7B5D006C7DAC /* CloseButton@2x.png */; };
		CDAD4813154E7B5D006C7DAC /* DetailPlaceholder.png in Resources */ = {isa = PBXBuildFile; fileRef = CDAD4804154E7B5D006C7DAC /* DetailPlaceholder.png */; };
		CDAD4814154E7B5D006C7DAC /* DetailPlaceholder@2x.png in Resources */ = {isa = PBXBuildFile; fileRef = CDAD4805154E7B5D006C7DAC /* DetailPlaceholder@2x.png */; };
		CDAD4815154E7B5D006C7DAC /* LandscapeBackground.png in Resources */ = {isa = PBXBuildFile; fileRef = CDAD4806154E7B5D006C7DAC /* LandscapeBackground.png */; };
		CDAD4816154E7B5D006C7DAC /* LandscapeButton.png in Resources */ = {isa = PBXBuildFile; fileRef = CDAD4807154E7B5D006C7DAC /* LandscapeButton.png */; };
		CDAD4817154E7B5D006C7DAC /* LandscapeButton@2x.png in Resources */ = {isa = PBXBuildFile; fileRef = CDAD4808154E7B5D006C7DAC /* LandscapeButton@2x.png */; };
		CDAD4818154E7B5D006C7DAC /* Placeholder.png in Resources */ = {isa = PBXBuildFile; fileRef = CDAD4809154E7B5D006C7DAC /* Placeholder.png */; };
		CDAD4819154E7B5D006C7DAC /* Placeholder@2x.png in Resources */ = {isa = PBXBuildFile; fileRef = CDAD480A154E7B5D006C7DAC /* Placeholder@2x.png */; };
		CDAD481A154E7B5D006C7DAC /* SelectedTableCellGradient.png in Resources */ = {isa = PBXBuildFile; fileRef = CDAD480B154E7B5D006C7DAC /* SelectedTableCellGradient.png */; };
		CDAD481B154E7B5D006C7DAC /* StoreButton.png in Resources */ = {isa = PBXBuildFile; fileRef = CDAD480C154E7B5D006C7DAC /* StoreButton.png */; };
		CDAD481C154E7B5D006C7DAC /* StoreButton@2x.png in Resources */ = {isa = PBXBuildFile; fileRef = CDAD480D154E7B5D006C7DAC /* StoreButton@2x.png */; };
		CDAD481D154E7B5D006C7DAC /* TableCellGradient.png in Resources */ = {isa = PBXBuildFile; fileRef = CDAD480E154E7B5D006C7DAC /* TableCellGradient.png */; };
		CDAD4822154E809D006C7DAC /* SearchResultCell.m in Sources */ = {isa = PBXBuildFile; fileRef = CDAD4821154E809D006C7DAC /* SearchResultCell.m */; };
		CDD347721555E90900D003D9 /* GradientView.m in Sources */ = {isa = PBXBuildFile; fileRef = CDD347711555E90900D003D9 /* GradientView.m */; };
		CDDBE87715563386007B59F8 /* Search.m in Sources */ = {isa = PBXBuildFile; fileRef = CDDBE87615563386007B59F8 /* Search.m */; };
		CDF84BFC1551219F00071471 /* AFHTTPClient.m in Sources */ = {isa = PBXBuildFile; fileRef = CDF84BE71551219F00071471 /* AFHTTPClient.m */; settings = {COMPILER_FLAGS = "-fno-objc-arc -Wno-unused"; }; };
		CDF84BFD1551219F00071471 /* AFHTTPRequestOperation.m in Sources */ = {isa = PBXBuildFile; fileRef = CDF84BE91551219F00071471 /* AFHTTPRequestOperation.m */; settings = {COMPILER_FLAGS = "-fno-objc-arc"; }; };
		CDF84BFE1551219F00071471 /* AFImageCache.m in Sources */ = {isa = PBXBuildFile; fileRef = CDF84BEB1551219F00071471 /* AFImageCache.m */; settings = {COMPILER_FLAGS = "-fno-objc-arc"; }; };
		CDF84BFF1551219F00071471 /* AFImageRequestOperation.m in Sources */ = {isa = PBXBuildFile; fileRef = CDF84BED1551219F00071471 /* AFImageRequestOperation.m */; settings = {COMPILER_FLAGS = "-fno-objc-arc"; }; };
		CDF84C001551219F00071471 /* AFJSONRequestOperation.m in Sources */ = {isa = PBXBuildFile; fileRef = CDF84BEF1551219F00071471 /* AFJSONRequestOperation.m */; settings = {COMPILER_FLAGS = "-fno-objc-arc  -Wno-unused"; }; };
		CDF84C011551219F00071471 /* AFNetworkActivityIndicatorManager.m in Sources */ = {isa = PBXBuildFile; fileRef = CDF84BF21551219F00071471 /* AFNetworkActivityIndicatorManager.m */; settings = {COMPILER_FLAGS = "-fno-objc-arc"; }; };
		CDF84C021551219F00071471 /* AFPropertyListRequestOperation.m in Sources */ = {isa = PBXBuildFile; fileRef = CDF84BF51551219F00071471 /* AFPropertyListRequestOperation.m */; settings = {COMPILER_FLAGS = "-fno-objc-arc"; }; };
		CDF84C031551219F00071471 /* AFURLConnectionOperation.m in Sources */ = {isa = PBXBuildFile; fileRef = CDF84BF71551219F00071471 /* AFURLConnectionOperation.m */; settings = {COMPILER_FLAGS = "-fno-objc-arc"; }; };
		CDF84C041551219F00071471 /* AFXMLRequestOperation.m in Sources */ = {isa = PBXBuildFile; fileRef = CDF84BF91551219F00071471 /* AFXMLRequestOperation.m */; settings = {COMPILER_FLAGS = "-fno-objc-arc  -Wno-unused"; }; };
		CDF84C051551219F00071471 /* UIImageView+AFNetworking.m in Sources */ = {isa = PBXBuildFile; fileRef = CDF84BFB1551219F00071471 /* UIImageView+AFNetworking.m */; settings = {COMPILER_FLAGS = "-fno-objc-arc"; }; };
		CDFA0D041555BF7000756A55 /* Default.png in Resources */ = {isa = PBXBuildFile; fileRef = CDFA0D021555BF7000756A55 /* Default.png */; };
		CDFA0D051555BF7000756A55 /* Default@2x.png in Resources */ = {isa = PBXBuildFile; fileRef = CDFA0D031555BF7000756A55 /* Default@2x.png */; };
		CDFA0D121555CD9600756A55 /* DetailViewController.m in Sources */ = {isa = PBXBuildFile; fileRef = CDFA0D101555CD9600756A55 /* DetailViewController.m */; };
/* End PBXBuildFile section */

/* Begin PBXFileReference section */
		CD028CE2154FC361003A663A /* Icon-72.png */ = {isa = PBXFileReference; lastKnownFileType = image.png; path = "Icon-72.png"; sourceTree = "<group>"; };
		CD028CE3154FC361003A663A /* Icon-Small-50.png */ = {isa = PBXFileReference; lastKnownFileType = image.png; path = "Icon-Small-50.png"; sourceTree = "<group>"; };
		CD028CE4154FC361003A663A /* Icon-Small.png */ = {isa = PBXFileReference; lastKnownFileType = image.png; path = "Icon-Small.png"; sourceTree = "<group>"; };
		CD028CE5154FC361003A663A /* Icon-Small@2x.png */ = {isa = PBXFileReference; lastKnownFileType = image.png; path = "Icon-Small@2x.png"; sourceTree = "<group>"; };
		CD028CE6154FC361003A663A /* Icon.png */ = {isa = PBXFileReference; lastKnownFileType = image.png; path = Icon.png; sourceTree = "<group>"; };
		CD028CE7154FC361003A663A /* Icon@2x.png */ = {isa = PBXFileReference; lastKnownFileType = image.png; path = "Icon@2x.png"; sourceTree = "<group>"; };
		CD028CE8154FC361003A663A /* iTunesArtwork */ = {isa = PBXFileReference; lastKnownFileType = file; path = iTunesArtwork; sourceTree = "<group>"; };
		CD159B36155643A8007ED636 /* en */ = {isa = PBXFileReference; lastKnownFileType = file.xib; name = en; path = en.lproj/NothingFoundCell.xib; sourceTree = "<group>"; };
		CD159B3A15564556007ED636 /* nl */ = {isa = PBXFileReference; lastKnownFileType = file.xib; name = nl; path = nl.lproj/NothingFoundCell.xib; sourceTree = "<group>"; };
		CD159B3C1556458E007ED636 /* nl */ = {isa = PBXFileReference; lastKnownFileType = file.xib; name = nl; path = nl.lproj/SearchViewController.xib; sourceTree = "<group>"; };
		CD159B44155645E1007ED636 /* en */ = {isa = PBXFileReference; lastKnownFileType = file.xib; name = en; path = en.lproj/SearchResultCell.xib; sourceTree = "<group>"; };
		CD159B47155645F3007ED636 /* en */ = {isa = PBXFileReference; lastKnownFileType = file.xib; name = en; path = en.lproj/LandscapeViewController.xib; sourceTree = "<group>"; };
		CD159B4A155645F7007ED636 /* en */ = {isa = PBXFileReference; lastKnownFileType = file.xib; name = en; path = en.lproj/LoadingCell.xib; sourceTree = "<group>"; };
		CD159B4C155645FE007ED636 /* nl */ = {isa = PBXFileReference; lastKnownFileType = file.xib; name = nl; path = nl.lproj/LoadingCell.xib; sourceTree = "<group>"; };
		CD159B4E15564602007ED636 /* en */ = {isa = PBXFileReference; lastKnownFileType = file.xib; name = en; path = en.lproj/DetailViewController.xib; sourceTree = "<group>"; };
		CD159B5015564606007ED636 /* nl */ = {isa = PBXFileReference; lastKnownFileType = file.xib; name = nl; path = nl.lproj/DetailViewController.xib; sourceTree = "<group>"; };
		CD159B5215564CF9007ED636 /* en */ = {isa = PBXFileReference; lastKnownFileType = text.plist.strings; name = en; path = en.lproj/Localizable.strings; sourceTree = "<group>"; };
		CD159B5415564D2F007ED636 /* nl */ = {isa = PBXFileReference; lastKnownFileType = text.plist.strings; name = nl; path = nl.lproj/Localizable.strings; sourceTree = "<group>"; };
		CD159B5515564F73007ED636 /* nl */ = {isa = PBXFileReference; lastKnownFileType = text.plist.strings; name = nl; path = nl.lproj/InfoPlist.strings; sourceTree = "<group>"; };
		CD159B74155660AD007ED636 /* en */ = {isa = PBXFileReference; lastKnownFileType = file.xib; name = en; path = "en.lproj/DetailViewController~ipad.xib"; sourceTree = "<group>"; };
		CD159B77155662FF007ED636 /* nl */ = {isa = PBXFileReference; lastKnownFileType = file.xib; name = nl; path = "nl.lproj/DetailViewController~ipad.xib"; sourceTree = "<group>"; };
		CD159B7B155663A7007ED636 /* MenuViewController.h */ = {isa = PBXFileReference; fileEncoding = 4; lastKnownFileType = sourcecode.c.h; path = MenuViewController.h; sourceTree = "<group>"; };
		CD159B7C155663A7007ED636 /* MenuViewController.m */ = {isa = PBXFileReference; fileEncoding = 4; lastKnownFileType = sourcecode.c.objc; path = MenuViewController.m; sourceTree = "<group>"; };
		CD159B7E1556679B007ED636 /* MessageUI.framework */ = {isa = PBXFileReference; lastKnownFileType = wrapper.framework; name = MessageUI.framework; path = System/Library/Frameworks/MessageUI.framework; sourceTree = SDKROOT; };
		CD159B81155669BA007ED636 /* Default-Landscape~ipad.png */ = {isa = PBXFileReference; lastKnownFileType = image.png; path = "Default-Landscape~ipad.png"; sourceTree = "<group>"; };
		CD159B82155669BA007ED636 /* Default-Portrait~ipad.png */ = {isa = PBXFileReference; lastKnownFileType = image.png; path = "Default-Portrait~ipad.png"; sourceTree = "<group>"; };
		CD4C39C11556197300E91563 /* LandscapeViewController.h */ = {isa = PBXFileReference; fileEncoding = 4; lastKnownFileType = sourcecode.c.h; path = LandscapeViewController.h; sourceTree = "<group>"; };
		CD4C39C21556197300E91563 /* LandscapeViewController.m */ = {isa = PBXFileReference; fileEncoding = 4; lastKnownFileType = sourcecode.c.objc; path = LandscapeViewController.m; sourceTree = "<group>"; };
		CDAC297A15560B1900EBCA9D /* QuartzCore.framework */ = {isa = PBXFileReference; lastKnownFileType = wrapper.framework; name = QuartzCore.framework; path = System/Library/Frameworks/QuartzCore.framework; sourceTree = SDKROOT; };
		CDAD47B4154E6E35006C7DAC /* StoreSearch.app */ = {isa = PBXFileReference; explicitFileType = wrapper.application; includeInIndex = 0; path = StoreSearch.app; sourceTree = BUILT_PRODUCTS_DIR; };
		CDAD47B8154E6E35006C7DAC /* UIKit.framework */ = {isa = PBXFileReference; lastKnownFileType = wrapper.framework; name = UIKit.framework; path = System/Library/Frameworks/UIKit.framework; sourceTree = SDKROOT; };
		CDAD47BA154E6E35006C7DAC /* Foundation.framework */ = {isa = PBXFileReference; lastKnownFileType = wrapper.framework; name = Foundation.framework; path = System/Library/Frameworks/Foundation.framework; sourceTree = SDKROOT; };
		CDAD47BC154E6E35006C7DAC /* CoreGraphics.framework */ = {isa = PBXFileReference; lastKnownFileType = wrapper.framework; name = CoreGraphics.framework; path = System/Library/Frameworks/CoreGraphics.framework; sourceTree = SDKROOT; };
		CDAD47C0154E6E35006C7DAC /* StoreSearch-Info.plist */ = {isa = PBXFileReference; lastKnownFileType = text.plist.xml; path = "StoreSearch-Info.plist"; sourceTree = "<group>"; };
		CDAD47C2154E6E35006C7DAC /* en */ = {isa = PBXFileReference; lastKnownFileType = text.plist.strings; name = en; path = en.lproj/InfoPlist.strings; sourceTree = "<group>"; };
		CDAD47C4154E6E35006C7DAC /* main.m */ = {isa = PBXFileReference; lastKnownFileType = sourcecode.c.objc; path = main.m; sourceTree = "<group>"; };
		CDAD47C6154E6E35006C7DAC /* StoreSearch-Prefix.pch */ = {isa = PBXFileReference; lastKnownFileType = sourcecode.c.h; path = "StoreSearch-Prefix.pch"; sourceTree = "<group>"; };
		CDAD47C7154E6E35006C7DAC /* AppDelegate.h */ = {isa = PBXFileReference; lastKnownFileType = sourcecode.c.h; path = AppDelegate.h; sourceTree = "<group>"; };
		CDAD47C8154E6E35006C7DAC /* AppDelegate.m */ = {isa = PBXFileReference; lastKnownFileType = sourcecode.c.objc; path = AppDelegate.m; sourceTree = "<group>"; };
		CDAD47CA154E6E35006C7DAC /* SearchViewController.h */ = {isa = PBXFileReference; lastKnownFileType = sourcecode.c.h; path = SearchViewController.h; sourceTree = "<group>"; };
		CDAD47CB154E6E35006C7DAC /* SearchViewController.m */ = {isa = PBXFileReference; lastKnownFileType = sourcecode.c.objc; path = SearchViewController.m; sourceTree = "<group>"; };
		CDAD47CE154E6E35006C7DAC /* en */ = {isa = PBXFileReference; lastKnownFileType = file.xib; name = en; path = en.lproj/SearchViewController.xib; sourceTree = "<group>"; };
		CDAD47DD154E77B0006C7DAC /* SearchResult.h */ = {isa = PBXFileReference; fileEncoding = 4; lastKnownFileType = sourcecode.c.h; path = SearchResult.h; sourceTree = "<group>"; };
		CDAD47DE154E77B0006C7DAC /* SearchResult.m */ = {isa = PBXFileReference; fileEncoding = 4; lastKnownFileType = sourcecode.c.objc; path = SearchResult.m; sourceTree = "<group>"; };
		CDAD4800154E7B5D006C7DAC /* BarTexture.png */ = {isa = PBXFileReference; lastKnownFileType = image.png; path = BarTexture.png; sourceTree = "<group>"; };
		CDAD4801154E7B5D006C7DAC /* BarTexture@2x.png */ = {isa = PBXFileReference; lastKnownFileType = image.png; path = "BarTexture@2x.png"; sourceTree = "<group>"; };
		CDAD4802154E7B5D006C7DAC /* CloseButton.png */ = {isa = PBXFileReference; lastKnownFileType = image.png; path = CloseButton.png; sourceTree = "<group>"; };
		CDAD4803154E7B5D006C7DAC /* CloseButton@2x.png */ = {isa = PBXFileReference; lastKnownFileType = image.png; path = "CloseButton@2x.png"; sourceTree = "<group>"; };
		CDAD4804154E7B5D006C7DAC /* DetailPlaceholder.png */ = {isa = PBXFileReference; lastKnownFileType = image.png; path = DetailPlaceholder.png; sourceTree = "<group>"; };
		CDAD4805154E7B5D006C7DAC /* DetailPlaceholder@2x.png */ = {isa = PBXFileReference; lastKnownFileType = image.png; path = "DetailPlaceholder@2x.png"; sourceTree = "<group>"; };
		CDAD4806154E7B5D006C7DAC /* LandscapeBackground.png */ = {isa = PBXFileReference; lastKnownFileType = image.png; path = LandscapeBackground.png; sourceTree = "<group>"; };
		CDAD4807154E7B5D006C7DAC /* LandscapeButton.png */ = {isa = PBXFileReference; lastKnownFileType = image.png; path = LandscapeButton.png; sourceTree = "<group>"; };
		CDAD4808154E7B5D006C7DAC /* LandscapeButton@2x.png */ = {isa = PBXFileReference; lastKnownFileType = image.png; path = "LandscapeButton@2x.png"; sourceTree = "<group>"; };
		CDAD4809154E7B5D006C7DAC /* Placeholder.png */ = {isa = PBXFileReference; lastKnownFileType = image.png; path = Placeholder.png; sourceTree = "<group>"; };
		CDAD480A154E7B5D006C7DAC /* Placeholder@2x.png */ = {isa = PBXFileReference; lastKnownFileType = image.png; path = "Placeholder@2x.png"; sourceTree = "<group>"; };
		CDAD480B154E7B5D006C7DAC /* SelectedTableCellGradient.png */ = {isa = PBXFileReference; lastKnownFileType = image.png; path = SelectedTableCellGradient.png; sourceTree = "<group>"; };
		CDAD480C154E7B5D006C7DAC /* StoreButton.png */ = {isa = PBXFileReference; lastKnownFileType = image.png; path = StoreButton.png; sourceTree = "<group>"; };
		CDAD480D154E7B5D006C7DAC /* StoreButton@2x.png */ = {isa = PBXFileReference; lastKnownFileType = image.png; path = "StoreButton@2x.png"; sourceTree = "<group>"; };
		CDAD480E154E7B5D006C7DAC /* TableCellGradient.png */ = {isa = PBXFileReference; lastKnownFileType = image.png; path = TableCellGradient.png; sourceTree = "<group>"; };
		CDAD4820154E809D006C7DAC /* SearchResultCell.h */ = {isa = PBXFileReference; fileEncoding = 4; lastKnownFileType = sourcecode.c.h; path = SearchResultCell.h; sourceTree = "<group>"; };
		CDAD4821154E809D006C7DAC /* SearchResultCell.m */ = {isa = PBXFileReference; fileEncoding = 4; lastKnownFileType = sourcecode.c.objc; path = SearchResultCell.m; sourceTree = "<group>"; };
		CDD347701555E90900D003D9 /* GradientView.h */ = {isa = PBXFileReference; fileEncoding = 4; lastKnownFileType = sourcecode.c.h; name = GradientView.h; path = ../GradientView.h; sourceTree = "<group>"; };
		CDD347711555E90900D003D9 /* GradientView.m */ = {isa = PBXFileReference; fileEncoding = 4; lastKnownFileType = sourcecode.c.objc; name = GradientView.m; path = ../GradientView.m; sourceTree = "<group>"; };
		CDDBE87515563386007B59F8 /* Search.h */ = {isa = PBXFileReference; fileEncoding = 4; lastKnownFileType = sourcecode.c.h; path = Search.h; sourceTree = "<group>"; };
		CDDBE87615563386007B59F8 /* Search.m */ = {isa = PBXFileReference; fileEncoding = 4; lastKnownFileType = sourcecode.c.objc; path = Search.m; sourceTree = "<group>"; };
		CDF84BE61551219F00071471 /* AFHTTPClient.h */ = {isa = PBXFileReference; fileEncoding = 4; lastKnownFileType = sourcecode.c.h; path = AFHTTPClient.h; sourceTree = "<group>"; };
		CDF84BE71551219F00071471 /* AFHTTPClient.m */ = {isa = PBXFileReference; fileEncoding = 4; lastKnownFileType = sourcecode.c.objc; path = AFHTTPClient.m; sourceTree = "<group>"; };
		CDF84BE81551219F00071471 /* AFHTTPRequestOperation.h */ = {isa = PBXFileReference; fileEncoding = 4; lastKnownFileType = sourcecode.c.h; path = AFHTTPRequestOperation.h; sourceTree = "<group>"; };
		CDF84BE91551219F00071471 /* AFHTTPRequestOperation.m */ = {isa = PBXFileReference; fileEncoding = 4; lastKnownFileType = sourcecode.c.objc; path = AFHTTPRequestOperation.m; sourceTree = "<group>"; };
		CDF84BEA1551219F00071471 /* AFImageCache.h */ = {isa = PBXFileReference; fileEncoding = 4; lastKnownFileType = sourcecode.c.h; path = AFImageCache.h; sourceTree = "<group>"; };
		CDF84BEB1551219F00071471 /* AFImageCache.m */ = {isa = PBXFileReference; fileEncoding = 4; lastKnownFileType = sourcecode.c.objc; path = AFImageCache.m; sourceTree = "<group>"; };
		CDF84BEC1551219F00071471 /* AFImageRequestOperation.h */ = {isa = PBXFileReference; fileEncoding = 4; lastKnownFileType = sourcecode.c.h; path = AFImageRequestOperation.h; sourceTree = "<group>"; };
		CDF84BED1551219F00071471 /* AFImageRequestOperation.m */ = {isa = PBXFileReference; fileEncoding = 4; lastKnownFileType = sourcecode.c.objc; path = AFImageRequestOperation.m; sourceTree = "<group>"; };
		CDF84BEE1551219F00071471 /* AFJSONRequestOperation.h */ = {isa = PBXFileReference; fileEncoding = 4; lastKnownFileType = sourcecode.c.h; path = AFJSONRequestOperation.h; sourceTree = "<group>"; };
		CDF84BEF1551219F00071471 /* AFJSONRequestOperation.m */ = {isa = PBXFileReference; fileEncoding = 4; lastKnownFileType = sourcecode.c.objc; path = AFJSONRequestOperation.m; sourceTree = "<group>"; };
		CDF84BF01551219F00071471 /* AFJSONUtilities.h */ = {isa = PBXFileReference; fileEncoding = 4; lastKnownFileType = sourcecode.c.h; path = AFJSONUtilities.h; sourceTree = "<group>"; };
		CDF84BF11551219F00071471 /* AFNetworkActivityIndicatorManager.h */ = {isa = PBXFileReference; fileEncoding = 4; lastKnownFileType = sourcecode.c.h; path = AFNetworkActivityIndicatorManager.h; sourceTree = "<group>"; };
		CDF84BF21551219F00071471 /* AFNetworkActivityIndicatorManager.m */ = {isa = PBXFileReference; fileEncoding = 4; lastKnownFileType = sourcecode.c.objc; path = AFNetworkActivityIndicatorManager.m; sourceTree = "<group>"; };
		CDF84BF31551219F00071471 /* AFNetworking.h */ = {isa = PBXFileReference; fileEncoding = 4; lastKnownFileType = sourcecode.c.h; path = AFNetworking.h; sourceTree = "<group>"; };
		CDF84BF41551219F00071471 /* AFPropertyListRequestOperation.h */ = {isa = PBXFileReference; fileEncoding = 4; lastKnownFileType = sourcecode.c.h; path = AFPropertyListRequestOperation.h; sourceTree = "<group>"; };
		CDF84BF51551219F00071471 /* AFPropertyListRequestOperation.m */ = {isa = PBXFileReference; fileEncoding = 4; lastKnownFileType = sourcecode.c.objc; path = AFPropertyListRequestOperation.m; sourceTree = "<group>"; };
		CDF84BF61551219F00071471 /* AFURLConnectionOperation.h */ = {isa = PBXFileReference; fileEncoding = 4; lastKnownFileType = sourcecode.c.h; path = AFURLConnectionOperation.h; sourceTree = "<group>"; };
		CDF84BF71551219F00071471 /* AFURLConnectionOperation.m */ = {isa = PBXFileReference; fileEncoding = 4; lastKnownFileType = sourcecode.c.objc; path = AFURLConnectionOperation.m; sourceTree = "<group>"; };
		CDF84BF81551219F00071471 /* AFXMLRequestOperation.h */ = {isa = PBXFileReference; fileEncoding = 4; lastKnownFileType = sourcecode.c.h; path = AFXMLRequestOperation.h; sourceTree = "<group>"; };
		CDF84BF91551219F00071471 /* AFXMLRequestOperation.m */ = {isa = PBXFileReference; fileEncoding = 4; lastKnownFileType = sourcecode.c.objc; path = AFXMLRequestOperation.m; sourceTree = "<group>"; };
		CDF84BFA1551219F00071471 /* UIImageView+AFNetworking.h */ = {isa = PBXFileReference; fileEncoding = 4; lastKnownFileType = sourcecode.c.h; path = "UIImageView+AFNetworking.h"; sourceTree = "<group>"; };
		CDF84BFB1551219F00071471 /* UIImageView+AFNetworking.m */ = {isa = PBXFileReference; fileEncoding = 4; lastKnownFileType = sourcecode.c.objc; path = "UIImageView+AFNetworking.m"; sourceTree = "<group>"; };
		CDFA0D021555BF7000756A55 /* Default.png */ = {isa = PBXFileReference; lastKnownFileType = image.png; path = Default.png; sourceTree = "<group>"; };
		CDFA0D031555BF7000756A55 /* Default@2x.png */ = {isa = PBXFileReference; lastKnownFileType = image.png; path = "Default@2x.png"; sourceTree = "<group>"; };
		CDFA0D0F1555CD9600756A55 /* DetailViewController.h */ = {isa = PBXFileReference; fileEncoding = 4; lastKnownFileType = sourcecode.c.h; path = DetailViewController.h; sourceTree = "<group>"; };
		CDFA0D101555CD9600756A55 /* DetailViewController.m */ = {isa = PBXFileReference; fileEncoding = 4; lastKnownFileType = sourcecode.c.objc; path = DetailViewController.m; sourceTree = "<group>"; };
/* End PBXFileReference section */

/* Begin PBXFrameworksBuildPhase section */
		CDAD47B1154E6E35006C7DAC /* Frameworks */ = {
			isa = PBXFrameworksBuildPhase;
			buildActionMask = 2147483647;
			files = (
				CD159B7F1556679B007ED636 /* MessageUI.framework in Frameworks */,
				CDAC297B15560B1900EBCA9D /* QuartzCore.framework in Frameworks */,
				CDAD47B9154E6E35006C7DAC /* UIKit.framework in Frameworks */,
				CDAD47BB154E6E35006C7DAC /* Foundation.framework in Frameworks */,
				CDAD47BD154E6E35006C7DAC /* CoreGraphics.framework in Frameworks */,
			);
			runOnlyForDeploymentPostprocessing = 0;
		};
/* End PBXFrameworksBuildPhase section */

/* Begin PBXGroup section */
		CD028CE1154FC361003A663A /* Icon */ = {
			isa = PBXGroup;
			children = (
				CD028CE2154FC361003A663A /* Icon-72.png */,
				CD028CE3154FC361003A663A /* Icon-Small-50.png */,
				CD028CE4154FC361003A663A /* Icon-Small.png */,
				CD028CE5154FC361003A663A /* Icon-Small@2x.png */,
				CD028CE6154FC361003A663A /* Icon.png */,
				CD028CE7154FC361003A663A /* Icon@2x.png */,
				CD028CE8154FC361003A663A /* iTunesArtwork */,
			);
			path = Icon;
			sourceTree = "<group>";
		};
		CD159B80155669BA007ED636 /* Launch Images iPad */ = {
			isa = PBXGroup;
			children = (
				CD159B81155669BA007ED636 /* Default-Landscape~ipad.png */,
				CD159B82155669BA007ED636 /* Default-Portrait~ipad.png */,
			);
			path = "Launch Images iPad";
			sourceTree = "<group>";
		};
		CDAD47A9154E6E35006C7DAC = {
			isa = PBXGroup;
			children = (
				CD159B80155669BA007ED636 /* Launch Images iPad */,
				CDFA0D011555BF7000756A55 /* Launch Images */,
				CDF84BE51551219F00071471 /* AFNetworking */,
				CD028CE1154FC361003A663A /* Icon */,
				CDAD47FF154E7B5D006C7DAC /* Images */,
				CDAD47BE154E6E35006C7DAC /* StoreSearch */,
				CDAD47B7154E6E35006C7DAC /* Frameworks */,
				CDAD47B5154E6E35006C7DAC /* Products */,
			);
			sourceTree = "<group>";
		};
		CDAD47B5154E6E35006C7DAC /* Products */ = {
			isa = PBXGroup;
			children = (
				CDAD47B4154E6E35006C7DAC /* StoreSearch.app */,
			);
			name = Products;
			sourceTree = "<group>";
		};
		CDAD47B7154E6E35006C7DAC /* Frameworks */ = {
			isa = PBXGroup;
			children = (
				CD159B7E1556679B007ED636 /* MessageUI.framework */,
				CDAC297A15560B1900EBCA9D /* QuartzCore.framework */,
				CDAD47B8154E6E35006C7DAC /* UIKit.framework */,
				CDAD47BA154E6E35006C7DAC /* Foundation.framework */,
				CDAD47BC154E6E35006C7DAC /* CoreGraphics.framework */,
			);
			name = Frameworks;
			sourceTree = "<group>";
		};
		CDAD47BE154E6E35006C7DAC /* StoreSearch */ = {
			isa = PBXGroup;
			children = (
				CD159B73155660AD007ED636 /* DetailViewController~ipad.xib */,
				CDD347701555E90900D003D9 /* GradientView.h */,
				CDD347711555E90900D003D9 /* GradientView.m */,
				CDAD47C7154E6E35006C7DAC /* AppDelegate.h */,
				CDAD47C8154E6E35006C7DAC /* AppDelegate.m */,
				CDAD47CA154E6E35006C7DAC /* SearchViewController.h */,
				CDAD47CB154E6E35006C7DAC /* SearchViewController.m */,
				CDAD47CD154E6E35006C7DAC /* SearchViewController.xib */,
				CDAD47BF154E6E35006C7DAC /* Supporting Files */,
				CDAD47DD154E77B0006C7DAC /* SearchResult.h */,
				CDAD47DE154E77B0006C7DAC /* SearchResult.m */,
				CD159B45155645E1007ED636 /* SearchResultCell.xib */,
				CDAD4820154E809D006C7DAC /* SearchResultCell.h */,
				CDAD4821154E809D006C7DAC /* SearchResultCell.m */,
				CD159B37155643A8007ED636 /* NothingFoundCell.xib */,
				CD159B4B155645F7007ED636 /* LoadingCell.xib */,
				CDFA0D0F1555CD9600756A55 /* DetailViewController.h */,
				CDFA0D101555CD9600756A55 /* DetailViewController.m */,
				CD159B4F15564602007ED636 /* DetailViewController.xib */,
				CD4C39C11556197300E91563 /* LandscapeViewController.h */,
				CD4C39C21556197300E91563 /* LandscapeViewController.m */,
				CD159B48155645F3007ED636 /* LandscapeViewController.xib */,
				CDDBE87515563386007B59F8 /* Search.h */,
				CDDBE87615563386007B59F8 /* Search.m */,
				CD159B7B155663A7007ED636 /* MenuViewController.h */,
				CD159B7C155663A7007ED636 /* MenuViewController.m */,
			);
			path = StoreSearch;
			sourceTree = "<group>";
		};
		CDAD47BF154E6E35006C7DAC /* Supporting Files */ = {
			isa = PBXGroup;
			children = (
				CD159B5115564CF9007ED636 /* Localizable.strings */,
				CDAD47C0154E6E35006C7DAC /* StoreSearch-Info.plist */,
				CDAD47C1154E6E35006C7DAC /* InfoPlist.strings */,
				CDAD47C4154E6E35006C7DAC /* main.m */,
				CDAD47C6154E6E35006C7DAC /* StoreSearch-Prefix.pch */,
			);
			name = "Supporting Files";
			sourceTree = "<group>";
		};
		CDAD47FF154E7B5D006C7DAC /* Images */ = {
			isa = PBXGroup;
			children = (
				CDAD4800154E7B5D006C7DAC /* BarTexture.png */,
				CDAD4801154E7B5D006C7DAC /* BarTexture@2x.png */,
				CDAD4802154E7B5D006C7DAC /* CloseButton.png */,
				CDAD4803154E7B5D006C7DAC /* CloseButton@2x.png */,
				CDAD4804154E7B5D006C7DAC /* DetailPlaceholder.png */,
				CDAD4805154E7B5D006C7DAC /* DetailPlaceholder@2x.png */,
				CDAD4806154E7B5D006C7DAC /* LandscapeBackground.png */,
				CDAD4807154E7B5D006C7DAC /* LandscapeButton.png */,
				CDAD4808154E7B5D006C7DAC /* LandscapeButton@2x.png */,
				CDAD4809154E7B5D006C7DAC /* Placeholder.png */,
				CDAD480A154E7B5D006C7DAC /* Placeholder@2x.png */,
				CDAD480B154E7B5D006C7DAC /* SelectedTableCellGradient.png */,
				CDAD480C154E7B5D006C7DAC /* StoreButton.png */,
				CDAD480D154E7B5D006C7DAC /* StoreButton@2x.png */,
				CDAD480E154E7B5D006C7DAC /* TableCellGradient.png */,
			);
			path = Images;
			sourceTree = "<group>";
		};
		CDF84BE51551219F00071471 /* AFNetworking */ = {
			isa = PBXGroup;
			children = (
				CDF84BE61551219F00071471 /* AFHTTPClient.h */,
				CDF84BE71551219F00071471 /* AFHTTPClient.m */,
				CDF84BE81551219F00071471 /* AFHTTPRequestOperation.h */,
				CDF84BE91551219F00071471 /* AFHTTPRequestOperation.m */,
				CDF84BEA1551219F00071471 /* AFImageCache.h */,
				CDF84BEB1551219F00071471 /* AFImageCache.m */,
				CDF84BEC1551219F00071471 /* AFImageRequestOperation.h */,
				CDF84BED1551219F00071471 /* AFImageRequestOperation.m */,
				CDF84BEE1551219F00071471 /* AFJSONRequestOperation.h */,
				CDF84BEF1551219F00071471 /* AFJSONRequestOperation.m */,
				CDF84BF01551219F00071471 /* AFJSONUtilities.h */,
				CDF84BF11551219F00071471 /* AFNetworkActivityIndicatorManager.h */,
				CDF84BF21551219F00071471 /* AFNetworkActivityIndicatorManager.m */,
				CDF84BF31551219F00071471 /* AFNetworking.h */,
				CDF84BF41551219F00071471 /* AFPropertyListRequestOperation.h */,
				CDF84BF51551219F00071471 /* AFPropertyListRequestOperation.m */,
				CDF84BF61551219F00071471 /* AFURLConnectionOperation.h */,
				CDF84BF71551219F00071471 /* AFURLConnectionOperation.m */,
				CDF84BF81551219F00071471 /* AFXMLRequestOperation.h */,
				CDF84BF91551219F00071471 /* AFXMLRequestOperation.m */,
				CDF84BFA1551219F00071471 /* UIImageView+AFNetworking.h */,
				CDF84BFB1551219F00071471 /* UIImageView+AFNetworking.m */,
			);
			path = AFNetworking;
			sourceTree = "<group>";
		};
		CDFA0D011555BF7000756A55 /* Launch Images */ = {
			isa = PBXGroup;
			children = (
				CDFA0D021555BF7000756A55 /* Default.png */,
				CDFA0D031555BF7000756A55 /* Default@2x.png */,
			);
			path = "Launch Images";
			sourceTree = "<group>";
		};
/* End PBXGroup section */

/* Begin PBXNativeTarget section */
		CDAD47B3154E6E35006C7DAC /* StoreSearch */ = {
			isa = PBXNativeTarget;
			buildConfigurationList = CDAD47D2154E6E35006C7DAC /* Build configuration list for PBXNativeTarget "StoreSearch" */;
			buildPhases = (
				CDAD47B0154E6E35006C7DAC /* Sources */,
				CDAD47B1154E6E35006C7DAC /* Frameworks */,
				CDAD47B2154E6E35006C7DAC /* Resources */,
			);
			buildRules = (
			);
			dependencies = (
			);
			name = StoreSearch;
			productName = StoreSearch;
			productReference = CDAD47B4154E6E35006C7DAC /* StoreSearch.app */;
			productType = "com.apple.product-type.application";
		};
/* End PBXNativeTarget section */

/* Begin PBXProject section */
		CDAD47AB154E6E35006C7DAC /* Project object */ = {
			isa = PBXProject;
			attributes = {
				LastUpgradeCheck = 0430;
			};
			buildConfigurationList = CDAD47AE154E6E35006C7DAC /* Build configuration list for PBXProject "StoreSearch" */;
			compatibilityVersion = "Xcode 3.2";
			developmentRegion = English;
			hasScannedForEncodings = 0;
			knownRegions = (
				en,
				"nl-NL",
				nl,
			);
			mainGroup = CDAD47A9154E6E35006C7DAC;
			productRefGroup = CDAD47B5154E6E35006C7DAC /* Products */;
			projectDirPath = "";
			projectRoot = "";
			targets = (
				CDAD47B3154E6E35006C7DAC /* StoreSearch */,
			);
		};
/* End PBXProject section */

/* Begin PBXResourcesBuildPhase section */
		CDAD47B2154E6E35006C7DAC /* Resources */ = {
			isa = PBXResourcesBuildPhase;
			buildActionMask = 2147483647;
			files = (
				CDAD47C3154E6E35006C7DAC /* InfoPlist.strings in Resources */,
				CDAD47CF154E6E35006C7DAC /* SearchViewController.xib in Resources */,
				CDAD480F154E7B5D006C7DAC /* BarTexture.png in Resources */,
				CDAD4810154E7B5D006C7DAC /* BarTexture@2x.png in Resources */,
				CDAD4811154E7B5D006C7DAC /* CloseButton.png in Resources */,
				CDAD4812154E7B5D006C7DAC /* CloseButton@2x.png in Resources */,
				CDAD4813154E7B5D006C7DAC /* DetailPlaceholder.png in Resources */,
				CDAD4814154E7B5D006C7DAC /* DetailPlaceholder@2x.png in Resources */,
				CDAD4815154E7B5D006C7DAC /* LandscapeBackground.png in Resources */,
				CDAD4816154E7B5D006C7DAC /* LandscapeButton.png in Resources */,
				CDAD4817154E7B5D006C7DAC /* LandscapeButton@2x.png in Resources */,
				CDAD4818154E7B5D006C7DAC /* Placeholder.png in Resources */,
				CDAD4819154E7B5D006C7DAC /* Placeholder@2x.png in Resources */,
				CDAD481A154E7B5D006C7DAC /* SelectedTableCellGradient.png in Resources */,
				CDAD481B154E7B5D006C7DAC /* StoreButton.png in Resources */,
				CDAD481C154E7B5D006C7DAC /* StoreButton@2x.png in Resources */,
				CDAD481D154E7B5D006C7DAC /* TableCellGradient.png in Resources */,
				CD159B43155645E1007ED636 /* SearchResultCell.xib in Resources */,
				CD159B35155643A8007ED636 /* NothingFoundCell.xib in Resources */,
				CD028CE9154FC361003A663A /* Icon-72.png in Resources */,
				CD028CEA154FC361003A663A /* Icon-Small-50.png in Resources */,
				CD028CEB154FC361003A663A /* Icon-Small.png in Resources */,
				CD028CEC154FC361003A663A /* Icon-Small@2x.png in Resources */,
				CD028CED154FC361003A663A /* Icon.png in Resources */,
				CD028CEE154FC361003A663A /* Icon@2x.png in Resources */,
				CD028CEF154FC361003A663A /* iTunesArtwork in Resources */,
				CD159B49155645F7007ED636 /* LoadingCell.xib in Resources */,
				CDFA0D041555BF7000756A55 /* Default.png in Resources */,
				CDFA0D051555BF7000756A55 /* Default@2x.png in Resources */,
				CD159B4D15564602007ED636 /* DetailViewController.xib in Resources */,
				CD159B46155645F3007ED636 /* LandscapeViewController.xib in Resources */,
				CD159B5315564CF9007ED636 /* Localizable.strings in Resources */,
				CD159B75155660AD007ED636 /* DetailViewController~ipad.xib in Resources */,
				CD159B83155669BA007ED636 /* Default-Landscape~ipad.png in Resources */,
				CD159B84155669BA007ED636 /* Default-Portrait~ipad.png in Resources */,
			);
			runOnlyForDeploymentPostprocessing = 0;
		};
/* End PBXResourcesBuildPhase section */

/* Begin PBXSourcesBuildPhase section */
		CDAD47B0154E6E35006C7DAC /* Sources */ = {
			isa = PBXSourcesBuildPhase;
			buildActionMask = 2147483647;
			files = (
				CDAD47C5154E6E35006C7DAC /* main.m in Sources */,
				CDAD47C9154E6E35006C7DAC /* AppDelegate.m in Sources */,
				CDAD47CC154E6E35006C7DAC /* SearchViewController.m in Sources */,
				CDAD47DF154E77B0006C7DAC /* SearchResult.m in Sources */,
				CDAD4822154E809D006C7DAC /* SearchResultCell.m in Sources */,
				CDF84BFC1551219F00071471 /* AFHTTPClient.m in Sources */,
				CDF84BFD1551219F00071471 /* AFHTTPRequestOperation.m in Sources */,
				CDF84BFE1551219F00071471 /* AFImageCache.m in Sources */,
				CDF84BFF1551219F00071471 /* AFImageRequestOperation.m in Sources */,
				CDF84C001551219F00071471 /* AFJSONRequestOperation.m in Sources */,
				CDF84C011551219F00071471 /* AFNetworkActivityIndicatorManager.m in Sources */,
				CDF84C021551219F00071471 /* AFPropertyListRequestOperation.m in Sources */,
				CDF84C031551219F00071471 /* AFURLConnectionOperation.m in Sources */,
				CDF84C041551219F00071471 /* AFXMLRequestOperation.m in Sources */,
				CDF84C051551219F00071471 /* UIImageView+AFNetworking.m in Sources */,
				CDFA0D121555CD9600756A55 /* DetailViewController.m in Sources */,
				CDD347721555E90900D003D9 /* GradientView.m in Sources */,
				CD4C39C41556197300E91563 /* LandscapeViewController.m in Sources */,
				CDDBE87715563386007B59F8 /* Search.m in Sources */,
				CD159B7D155663A7007ED636 /* MenuViewController.m in Sources */,
			);
			runOnlyForDeploymentPostprocessing = 0;
		};
/* End PBXSourcesBuildPhase section */

/* Begin PBXVariantGroup section */
		CD159B37155643A8007ED636 /* NothingFoundCell.xib */ = {
			isa = PBXVariantGroup;
			children = (
				CD159B36155643A8007ED636 /* en */,
				CD159B3A15564556007ED636 /* nl */,
			);
			name = NothingFoundCell.xib;
			sourceTree = "<group>";
		};
		CD159B45155645E1007ED636 /* SearchResultCell.xib */ = {
			isa = PBXVariantGroup;
			children = (
				CD159B44155645E1007ED636 /* en */,
			);
			name = SearchResultCell.xib;
			sourceTree = "<group>";
		};
		CD159B48155645F3007ED636 /* LandscapeViewController.xib */ = {
			isa = PBXVariantGroup;
			children = (
				CD159B47155645F3007ED636 /* en */,
			);
			name = LandscapeViewController.xib;
			sourceTree = "<group>";
		};
		CD159B4B155645F7007ED636 /* LoadingCell.xib */ = {
			isa = PBXVariantGroup;
			children = (
				CD159B4A155645F7007ED636 /* en */,
				CD159B4C155645FE007ED636 /* nl */,
			);
			name = LoadingCell.xib;
			sourceTree = "<group>";
		};
		CD159B4F15564602007ED636 /* DetailViewController.xib */ = {
			isa = PBXVariantGroup;
			children = (
				CD159B4E15564602007ED636 /* en */,
				CD159B5015564606007ED636 /* nl */,
			);
			name = DetailViewController.xib;
			sourceTree = "<group>";
		};
		CD159B5115564CF9007ED636 /* Localizable.strings */ = {
			isa = PBXVariantGroup;
			children = (
				CD159B5215564CF9007ED636 /* en */,
				CD159B5415564D2F007ED636 /* nl */,
			);
			name = Localizable.strings;
			sourceTree = "<group>";
		};
		CD159B73155660AD007ED636 /* DetailViewController~ipad.xib */ = {
			isa = PBXVariantGroup;
			children = (
				CD159B74155660AD007ED636 /* en */,
				CD159B77155662FF007ED636 /* nl */,
			);
			name = "DetailViewController~ipad.xib";
			sourceTree = "<group>";
		};
		CDAD47C1154E6E35006C7DAC /* InfoPlist.strings */ = {
			isa = PBXVariantGroup;
			children = (
				CDAD47C2154E6E35006C7DAC /* en */,
				CD159B5515564F73007ED636 /* nl */,
			);
			name = InfoPlist.strings;
			sourceTree = "<group>";
		};
		CDAD47CD154E6E35006C7DAC /* SearchViewController.xib */ = {
			isa = PBXVariantGroup;
			children = (
				CDAD47CE154E6E35006C7DAC /* en */,
				CD159B3C1556458E007ED636 /* nl */,
			);
			name = SearchViewController.xib;
			sourceTree = "<group>";
		};
/* End PBXVariantGroup section */

/* Begin XCBuildConfiguration section */
		CDAD47D0154E6E35006C7DAC /* Debug */ = {
			isa = XCBuildConfiguration;
			buildSettings = {
				ALWAYS_SEARCH_USER_PATHS = NO;
				ARCHS = "$(ARCHS_STANDARD_32_BIT)";
				CLANG_ENABLE_OBJC_ARC = YES;
				"CODE_SIGN_IDENTITY[sdk=iphoneos*]" = "iPhone Developer";
				COPY_PHASE_STRIP = NO;
				GCC_C_LANGUAGE_STANDARD = gnu99;
				GCC_DYNAMIC_NO_PIC = NO;
				GCC_OPTIMIZATION_LEVEL = 0;
				GCC_PREPROCESSOR_DEFINITIONS = (
					"DEBUG=1",
					"$(inherited)",
				);
				GCC_SYMBOLS_PRIVATE_EXTERN = NO;
				GCC_VERSION = com.apple.compilers.llvm.clang.1_0;
				GCC_WARN_ABOUT_RETURN_TYPE = YES;
				GCC_WARN_UNINITIALIZED_AUTOS = YES;
				GCC_WARN_UNUSED_VARIABLE = YES;
				IPHONEOS_DEPLOYMENT_TARGET = 5.1;
				SDKROOT = iphoneos;
			};
			name = Debug;
		};
		CDAD47D1154E6E35006C7DAC /* Release */ = {
			isa = XCBuildConfiguration;
			buildSettings = {
				ALWAYS_SEARCH_USER_PATHS = NO;
				ARCHS = "$(ARCHS_STANDARD_32_BIT)";
				CLANG_ENABLE_OBJC_ARC = YES;
				"CODE_SIGN_IDENTITY[sdk=iphoneos*]" = "iPhone Developer";
				COPY_PHASE_STRIP = YES;
				GCC_C_LANGUAGE_STANDARD = gnu99;
				GCC_VERSION = com.apple.compilers.llvm.clang.1_0;
				GCC_WARN_ABOUT_RETURN_TYPE = YES;
				GCC_WARN_UNINITIALIZED_AUTOS = YES;
				GCC_WARN_UNUSED_VARIABLE = YES;
				IPHONEOS_DEPLOYMENT_TARGET = 5.1;
				OTHER_CFLAGS = "-DNS_BLOCK_ASSERTIONS=1";
				SDKROOT = iphoneos;
				VALIDATE_PRODUCT = YES;
			};
			name = Release;
		};
		CDAD47D3154E6E35006C7DAC /* Debug */ = {
			isa = XCBuildConfiguration;
			buildSettings = {
				GCC_PRECOMPILE_PREFIX_HEADER = YES;
				GCC_PREFIX_HEADER = "StoreSearch/StoreSearch-Prefix.pch";
				INFOPLIST_FILE = "StoreSearch/StoreSearch-Info.plist";
				IPHONEOS_DEPLOYMENT_TARGET = 5.1;
				PRODUCT_NAME = "$(TARGET_NAME)";
				RUN_CLANG_STATIC_ANALYZER = YES;
				TARGETED_DEVICE_FAMILY = "1,2";
				WARNING_CFLAGS = "-Wall";
				WRAPPER_EXTENSION = app;
			};
			name = Debug;
		};
		CDAD47D4154E6E35006C7DAC /* Release */ = {
			isa = XCBuildConfiguration;
			buildSettings = {
				GCC_PRECOMPILE_PREFIX_HEADER = YES;
				GCC_PREFIX_HEADER = "StoreSearch/StoreSearch-Prefix.pch";
				INFOPLIST_FILE = "StoreSearch/StoreSearch-Info.plist";
				IPHONEOS_DEPLOYMENT_TARGET = 5.1;
				PRODUCT_NAME = "$(TARGET_NAME)";
				RUN_CLANG_STATIC_ANALYZER = YES;
				TARGETED_DEVICE_FAMILY = "1,2";
				WARNING_CFLAGS = "-Wall";
				WRAPPER_EXTENSION = app;
			};
			name = Release;
		};
/* End XCBuildConfiguration section */

/* Begin XCConfigurationList section */
		CDAD47AE154E6E35006C7DAC /* Build configuration list for PBXProject "StoreSearch" */ = {
			isa = XCConfigurationList;
			buildConfigurations = (
				CDAD47D0154E6E35006C7DAC /* Debug */,
				CDAD47D1154E6E35006C7DAC /* Release */,
			);
			defaultConfigurationIsVisible = 0;
			defaultConfigurationName = Release;
		};
		CDAD47D2154E6E35006C7DAC /* Build configuration list for PBXNativeTarget "StoreSearch" */ = {
			isa = XCConfigurationList;
			buildConfigurations = (
				CDAD47D3154E6E35006C7DAC /* Debug */,
				CDAD47D4154E6E35006C7DAC /* Release */,
			);
			defaultConfigurationIsVisible = 0;
			defaultConfigurationName = Release;
		};
/* End XCConfigurationList section */
	};
	rootObject = CDAD47AB154E6E35006C7DAC /* Project object */;
}
